
Microsoft Visual Studio Solution File, Format Version 12.00
# Visual Studio Version 16
VisualStudioVersion = 16.0.31005.135
MinimumVisualStudioVersion = 10.0.40219.1
Project("{888888A0-9F3D-457C-B088-3A5042F75D52}") = "youtube api test", "youtube api test\youtube api test.pyproj", "{49DD61DC-6796-40A7-AF08-7103E3CF7983}"
EndProject
Global
	GlobalSection(SolutionConfigurationPlatforms) = preSolution
		Debug|Any CPU = Debug|Any CPU
		Release|Any CPU = Release|Any CPU
	EndGlobalSection
	GlobalSection(ProjectConfigurationPlatforms) = postSolution
		{49DD61DC-6796-40A7-AF08-7103E3CF7983}.Debug|Any CPU.ActiveCfg = Debug|Any CPU
		{49DD61DC-6796-40A7-AF08-7103E3CF7983}.Release|Any CPU.ActiveCfg = Release|Any CPU
	EndGlobalSection
	GlobalSection(SolutionProperties) = preSolution
		HideSolutionNode = FALSE
	EndGlobalSection
	GlobalSection(ExtensibilityGlobals) = postSolution
		SolutionGuid = {633B4B5E-0A54-4C96-8941-D96467D6EA71}
	EndGlobalSection
EndGlobal
